// !$*UTF8*$!
{
	archiveVersion = 1;
	classes = {
	};
	objectVersion = 46;
	objects = {

/* Begin PBXBuildFile section */
		A2D1CAE91BB439E900D9619A /* main.m in Sources */ = {isa = PBXBuildFile; fileRef = A2D1CAE81BB439E900D9619A /* main.m */; };
		A2D1CAF81BB43A2100D9619A /* objclibtest.m in Sources */ = {isa = PBXBuildFile; fileRef = A2D1CAF71BB43A2100D9619A /* objclibtest.m */; };
		A2D1CAFF1BB43A9A00D9619A /* StopWatch.m in Sources */ = {isa = PBXBuildFile; fileRef = A2D1CAFE1BB43A9A00D9619A /* StopWatch.m */; };
		A2D1CB001BB43A9A00D9619A /* StopWatch.m in Sources */ = {isa = PBXBuildFile; fileRef = A2D1CAFE1BB43A9A00D9619A /* StopWatch.m */; };
/* End PBXBuildFile section */

/* Begin PBXCopyFilesBuildPhase section */
		A2D1CAE31BB439E900D9619A /* CopyFiles */ = {
			isa = PBXCopyFilesBuildPhase;
			buildActionMask = 2147483647;
			dstPath = /usr/share/man/man1/;
			dstSubfolderSpec = 0;
			files = (
			);
			runOnlyForDeploymentPostprocessing = 1;
		};
/* End PBXCopyFilesBuildPhase section */

/* Begin PBXFileReference section */
		A2D1CAE51BB439E900D9619A /* objclib */ = {isa = PBXFileReference; explicitFileType = "compiled.mach-o.executable"; includeInIndex = 0; path = objclib; sourceTree = BUILT_PRODUCTS_DIR; };
		A2D1CAE81BB439E900D9619A /* main.m */ = {isa = PBXFileReference; lastKnownFileType = sourcecode.c.objc; path = main.m; sourceTree = "<group>"; };
		A2D1CAF31BB43A2100D9619A /* objclibtest.xctest */ = {isa = PBXFileReference; explicitFileType = wrapper.cfbundle; includeInIndex = 0; path = objclibtest.xctest; sourceTree = BUILT_PRODUCTS_DIR; };
		A2D1CAF61BB43A2100D9619A /* Info.plist */ = {isa = PBXFileReference; lastKnownFileType = text.plist.xml; path = Info.plist; sourceTree = "<group>"; };
		A2D1CAF71BB43A2100D9619A /* objclibtest.m */ = {isa = PBXFileReference; lastKnownFileType = sourcecode.c.objc; path = objclibtest.m; sourceTree = "<group>"; };
		A2D1CAFD1BB43A9A00D9619A /* StopWatch.h */ = {isa = PBXFileReference; fileEncoding = 4; lastKnownFileType = sourcecode.c.h; path = StopWatch.h; sourceTree = "<group>"; };
		A2D1CAFE1BB43A9A00D9619A /* StopWatch.m */ = {isa = PBXFileReference; fileEncoding = 4; lastKnownFileType = sourcecode.c.objc; path = StopWatch.m; sourceTree = "<group>"; };
/* End PBXFileReference section */

/* Begin PBXFrameworksBuildPhase section */
		A2D1CAE21BB439E900D9619A /* Frameworks */ = {
			isa = PBXFrameworksBuildPhase;
			buildActionMask = 2147483647;
			files = (
			);
			runOnlyForDeploymentPostprocessing = 0;
		};
		A2D1CAF01BB43A2100D9619A /* Frameworks */ = {
			isa = PBXFrameworksBuildPhase;
			buildActionMask = 2147483647;
			files = (
			);
			runOnlyForDeploymentPostprocessing = 0;
		};
/* End PBXFrameworksBuildPhase section */

/* Begin PBXGroup section */
		A2D1CADC1BB439E900D9619A = {
			isa = PBXGroup;
			children = (
				A2D1CAE71BB439E900D9619A /* objclib */,
				A2D1CAF41BB43A2100D9619A /* objclibtest */,
				A2D1CAE61BB439E900D9619A /* Products */,
			);
			sourceTree = "<group>";
		};
		A2D1CAE61BB439E900D9619A /* Products */ = {
			isa = PBXGroup;
			children = (
				A2D1CAE51BB439E900D9619A /* objclib */,
				A2D1CAF31BB43A2100D9619A /* objclibtest.xctest */,
			);
			name = Products;
			sourceTree = "<group>";
		};
		A2D1CAE71BB439E900D9619A /* objclib */ = {
			isa = PBXGroup;
			children = (
				A2D1CAFC1BB43A4F00D9619A /* lib */,
				A2D1CAE81BB439E900D9619A /* main.m */,
			);
			path = objclib;
			sourceTree = "<group>";
		};
		A2D1CAF41BB43A2100D9619A /* objclibtest */ = {
			isa = PBXGroup;
			children = (
				A2D1CAF71BB43A2100D9619A /* objclibtest.m */,
				A2D1CAF51BB43A2100D9619A /* Supporting Files */,
			);
			path = objclibtest;
			sourceTree = "<group>";
		};
		A2D1CAF51BB43A2100D9619A /* Supporting Files */ = {
			isa = PBXGroup;
			children = (
				A2D1CAF61BB43A2100D9619A /* Info.plist */,
			);
			name = "Supporting Files";
			sourceTree = "<group>";
		};
		A2D1CAFC1BB43A4F00D9619A /* lib */ = {
			isa = PBXGroup;
			children = (
				A2D1CAFD1BB43A9A00D9619A /* StopWatch.h */,
				A2D1CAFE1BB43A9A00D9619A /* StopWatch.m */,
			);
			name = lib;
			sourceTree = "<group>";
		};
/* End PBXGroup section */

/* Begin PBXNativeTarget section */
		A2D1CAE41BB439E900D9619A /* objclib */ = {
			isa = PBXNativeTarget;
			buildConfigurationList = A2D1CAEC1BB439E900D9619A /* Build configuration list for PBXNativeTarget "objclib" */;
			buildPhases = (
				A2D1CAE11BB439E900D9619A /* Sources */,
				A2D1CAE21BB439E900D9619A /* Frameworks */,
				A2D1CAE31BB439E900D9619A /* CopyFiles */,
			);
			buildRules = (
			);
			dependencies = (
			);
			name = objclib;
			productName = objclib;
			productReference = A2D1CAE51BB439E900D9619A /* objclib */;
			productType = "com.apple.product-type.tool";
		};
		A2D1CAF21BB43A2100D9619A /* objclibtest */ = {
			isa = PBXNativeTarget;
			buildConfigurationList = A2D1CAF91BB43A2100D9619A /* Build configuration list for PBXNativeTarget "objclibtest" */;
			buildPhases = (
				A2D1CAEF1BB43A2100D9619A /* Sources */,
				A2D1CAF01BB43A2100D9619A /* Frameworks */,
				A2D1CAF11BB43A2100D9619A /* Resources */,
			);
			buildRules = (
			);
			dependencies = (
			);
			name = objclibtest;
			productName = objclibtest;
			productReference = A2D1CAF31BB43A2100D9619A /* objclibtest.xctest */;
			productType = "com.apple.product-type.bundle.unit-test";
		};
/* End PBXNativeTarget section */

/* Begin PBXProject section */
		A2D1CADD1BB439E900D9619A /* Project object */ = {
			isa = PBXProject;
			attributes = {
				LastUpgradeCheck = 0640;
				ORGANIZATIONNAME = pebble8888;
				TargetAttributes = {
					A2D1CAE41BB439E900D9619A = {
						CreatedOnToolsVersion = 6.4;
					};
					A2D1CAF21BB43A2100D9619A = {
						CreatedOnToolsVersion = 6.4;
					};
				};
			};
			buildConfigurationList = A2D1CAE01BB439E900D9619A /* Build configuration list for PBXProject "objclib" */;
			compatibilityVersion = "Xcode 3.2";
			developmentRegion = English;
			hasScannedForEncodings = 0;
			knownRegions = (
				en,
			);
			mainGroup = A2D1CADC1BB439E900D9619A;
			productRefGroup = A2D1CAE61BB439E900D9619A /* Products */;
			projectDirPath = "";
			projectRoot = "";
			targets = (
				A2D1CAE41BB439E900D9619A /* objclib */,
				A2D1CAF21BB43A2100D9619A /* objclibtest */,
			);
		};
/* End PBXProject section */

/* Begin PBXResourcesBuildPhase section */
		A2D1CAF11BB43A2100D9619A /* Resources */ = {
			isa = PBXResourcesBuildPhase;
			buildActionMask = 2147483647;
			files = (
			);
			runOnlyForDeploymentPostprocessing = 0;
		};
/* End PBXResourcesBuildPhase section */

/* Begin PBXSourcesBuildPhase section */
		A2D1CAE11BB439E900D9619A /* Sources */ = {
			isa = PBXSourcesBuildPhase;
			buildActionMask = 2147483647;
			files = (
				A2D1CAE91BB439E900D9619A /* main.m in Sources */,
				A2D1CAFF1BB43A9A00D9619A /* StopWatch.m in Sources */,
			);
			runOnlyForDeploymentPostprocessing = 0;
		};
		A2D1CAEF1BB43A2100D9619A /* Sources */ = {
			isa = PBXSourcesBuildPhase;
			buildActionMask = 2147483647;
			files = (
				A2D1CAF81BB43A2100D9619A /* objclibtest.m in Sources */,
				A2D1CB001BB43A9A00D9619A /* StopWatch.m in Sources */,
			);
			runOnlyForDeploymentPostprocessing = 0;
		};
/* End PBXSourcesBuildPhase section */

/* Begin XCBuildConfiguration section */
		A2D1CAEA1BB439E900D9619A /* Debug */ = {
			isa = XCBuildConfiguration;
			buildSettings = {
				ALWAYS_SEARCH_USER_PATHS = NO;
				CLANG_CXX_LANGUAGE_STANDARD = "gnu++0x";
				CLANG_CXX_LIBRARY = "libc++";
				CLANG_ENABLE_MODULES = YES;
				CLANG_ENABLE_OBJC_ARC = YES;
				CLANG_WARN_BOOL_CONVERSION = YES;
				CLANG_WARN_CONSTANT_CONVERSION = YES;
				CLANG_WARN_DIRECT_OBJC_ISA_USAGE = YES_ERROR;
				CLANG_WARN_EMPTY_BODY = YES;
				CLANG_WARN_ENUM_CONVERSION = YES;
				CLANG_WARN_INT_CONVERSION = YES;
				CLANG_WARN_OBJC_ROOT_CLASS = YES_ERROR;
				CLANG_WARN_UNREACHABLE_CODE = YES;
				CLANG_WARN__DUPLICATE_METHOD_MATCH = YES;
				COPY_PHASE_STRIP = NO;
				DEBUG_INFORMATION_FORMAT = dwarf;
				ENABLE_STRICT_OBJC_MSGSEND = YES;
				GCC_C_LANGUAGE_STANDARD = gnu99;
				GCC_DYNAMIC_NO_PIC = NO;
				GCC_NO_COMMON_BLOCKS = YES;
				GCC_OPTIMIZATION_LEVEL = 0;
				GCC_PREPROCESSOR_DEFINITIONS = (
					"DEBUG=1",
					"$(inherited)",
				);
				GCC_SYMBOLS_PRIVATE_EXTERN = NO;
				GCC_WARN_64_TO_32_BIT_CONVERSION = YES;
				GCC_WARN_ABOUT_RETURN_TYPE = YES_ERROR;
				GCC_WARN_UNDECLARED_SELECTOR = YES;
				GCC_WARN_UNINITIALIZED_AUTOS = YES_AGGRESSIVE;
				GCC_WARN_UNUSED_FUNCTION = YES;
				GCC_WARN_UNUSED_VARIABLE = YES;
				MACOSX_DEPLOYMENT_TARGET = 10.10;
				MTL_ENABLE_DEBUG_INFO = YES;
				ONLY_ACTIVE_ARCH = YES;
				SDKROOT = macosx;
			};
			name = Debug;
		};
		A2D1CAEB1BB439E900D9619A /* Release */ = {
			isa = XCBuildConfiguration;
			buildSettings = {
				ALWAYS_SEARCH_USER_PATHS = NO;
				CLANG_CXX_LANGUAGE_STANDARD = "gnu++0x";
				CLANG_CXX_LIBRARY = "libc++";
				CLANG_ENABLE_MODULES = YES;
				CLANG_ENABLE_OBJC_ARC = YES;
				CLANG_WARN_BOOL_CONVERSION = YES;
				CLANG_WARN_CONSTANT_CONVERSION = YES;
				CLANG_WARN_DIRECT_OBJC_ISA_USAGE = YES_ERROR;
				CLANG_WARN_EMPTY_BODY = YES;
				CLANG_WARN_ENUM_CONVERSION = YES;
				CLANG_WARN_INT_CONVERSION = YES;
				CLANG_WARN_OBJC_ROOT_CLASS = YES_ERROR;
				CLANG_WARN_UNREACHABLE_CODE = YES;
				CLANG_WARN__DUPLICATE_METHOD_MATCH = YES;
				COPY_PHASE_STRIP = NO;
				DEBUG_INFORMATION_FORMAT = "dwarf-with-dsym";
				ENABLE_NS_ASSERTIONS = NO;
				ENABLE_STRICT_OBJC_MSGSEND = YES;
				GCC_C_LANGUAGE_STANDARD = gnu99;
				GCC_NO_COMMON_BLOCKS = YES;
				GCC_WARN_64_TO_32_BIT_CONVERSION = YES;
				GCC_WARN_ABOUT_RETURN_TYPE = YES_ERROR;
				GCC_WARN_UNDECLARED_SELECTOR = YES;
				GCC_WARN_UNINITIALIZED_AUTOS = YES_AGGRESSIVE;
				GCC_WARN_UNUSED_FUNCTION = YES;
				GCC_WARN_UNUSED_VARIABLE = YES;
				MACOSX_DEPLOYMENT_TARGET = 10.10;
				MTL_ENABLE_DEBUG_INFO = NO;
				SDKROOT = macosx;
			};
			name = Release;
		};
		A2D1CAED1BB439E900D9619A /* Debug */ = {
			isa = XCBuildConfiguration;
			buildSettings = {
				PRODUCT_NAME = "$(TARGET_NAME)";
			};
			name = Debug;
		};
		A2D1CAEE1BB439E900D9619A /* Release */ = {
			isa = XCBuildConfiguration;
			buildSettings = {
				PRODUCT_NAME = "$(TARGET_NAME)";
			};
			name = Release;
		};
		A2D1CAFA1BB43A2100D9619A /* Debug */ = {
			isa = XCBuildConfiguration;
			buildSettings = {
				COMBINE_HIDPI_IMAGES = YES;
				FRAMEWORK_SEARCH_PATHS = (
					"$(DEVELOPER_FRAMEWORKS_DIR)",
					"$(inherited)",
				);
				GCC_PREPROCESSOR_DEFINITIONS = (
					"DEBUG=1",
					"$(inherited)",
				);
				INFOPLIST_FILE = objclibtest/Info.plist;
				LD_RUNPATH_SEARCH_PATHS = "$(inherited) @executable_path/../Frameworks @loader_path/../Frameworks";
				PRODUCT_NAME = "$(TARGET_NAME)";
			};
			name = Debug;
		};
		A2D1CAFB1BB43A2100D9619A /* Release */ = {
			isa = XCBuildConfiguration;
			buildSettings = {
				COMBINE_HIDPI_IMAGES = YES;
				FRAMEWORK_SEARCH_PATHS = (
					"$(DEVELOPER_FRAMEWORKS_DIR)",
					"$(inherited)",
				);
				INFOPLIST_FILE = objclibtest/Info.plist;
				LD_RUNPATH_SEARCH_PATHS = "$(inherited) @executable_path/../Frameworks @loader_path/../Frameworks";
				PRODUCT_NAME = "$(TARGET_NAME)";
			};
			name = Release;
		};
/* End XCBuildConfiguration section */

/* Begin XCConfigurationList section */
		A2D1CAE01BB439E900D9619A /* Build configuration list for PBXProject "objclib" */ = {
			isa = XCConfigurationList;
			buildConfigurations = (
				A2D1CAEA1BB439E900D9619A /* Debug */,
				A2D1CAEB1BB439E900D9619A /* Release */,
			);
			defaultConfigurationIsVisible = 0;
			defaultConfigurationName = Release;
		};
		A2D1CAEC1BB439E900D9619A /* Build configuration list for PBXNativeTarget "objclib" */ = {
			isa = XCConfigurationList;
			buildConfigurations = (
				A2D1CAED1BB439E900D9619A /* Debug */,
				A2D1CAEE1BB439E900D9619A /* Release */,
			);
			defaultConfigurationIsVisible = 0;
		};
		A2D1CAF91BB43A2100D9619A /* Build configuration list for PBXNativeTarget "objclibtest" */ = {
			isa = XCConfigurationList;
			buildConfigurations = (
				A2D1CAFA1BB43A2100D9619A /* Debug */,
				A2D1CAFB1BB43A2100D9619A /* Release */,
			);
			defaultConfigurationIsVisible = 0;
		};
/* End XCConfigurationList section */
	};
	rootObject = A2D1CADD1BB439E900D9619A /* Project object */;
}
